// !$*UTF8*$!
{
	archiveVersion = 1;
	classes = {
	};
	objectVersion = 50;
	objects = {

/* Begin PBXBuildFile section */
		92092E972488F6D600815577 /* Game.swift in Sources */ = {isa = PBXBuildFile; fileRef = 92092E962488F6D600815577 /* Game.swift */; };
		92092E992488F73400815577 /* GameSession.swift in Sources */ = {isa = PBXBuildFile; fileRef = 92092E982488F73400815577 /* GameSession.swift */; };
		92092E9B2488F7B400815577 /* Question.swift in Sources */ = {isa = PBXBuildFile; fileRef = 92092E9A2488F7B400815577 /* Question.swift */; };
		92092E9D2488F95500815577 /* MainMenuViewController.swift in Sources */ = {isa = PBXBuildFile; fileRef = 92092E9C2488F95500815577 /* MainMenuViewController.swift */; };
		92092E9F2488F97400815577 /* GameViewController.swift in Sources */ = {isa = PBXBuildFile; fileRef = 92092E9E2488F97400815577 /* GameViewController.swift */; };
		92092EA12488F98900815577 /* ResultsViewController.swift in Sources */ = {isa = PBXBuildFile; fileRef = 92092EA02488F98900815577 /* ResultsViewController.swift */; };
		92092EA32488FB4D00815577 /* QuestionPool.swift in Sources */ = {isa = PBXBuildFile; fileRef = 92092EA22488FB4D00815577 /* QuestionPool.swift */; };
		9225817A2488F4C1006A05AA /* AppDelegate.swift in Sources */ = {isa = PBXBuildFile; fileRef = 922581792488F4C1006A05AA /* AppDelegate.swift */; };
		9225817C2488F4C1006A05AA /* SceneDelegate.swift in Sources */ = {isa = PBXBuildFile; fileRef = 9225817B2488F4C1006A05AA /* SceneDelegate.swift */; };
		9225817E2488F4C1006A05AA /* ViewController.swift in Sources */ = {isa = PBXBuildFile; fileRef = 9225817D2488F4C1006A05AA /* ViewController.swift */; };
		922581812488F4C1006A05AA /* Main.storyboard in Resources */ = {isa = PBXBuildFile; fileRef = 9225817F2488F4C1006A05AA /* Main.storyboard */; };
		922581832488F4C2006A05AA /* Assets.xcassets in Resources */ = {isa = PBXBuildFile; fileRef = 922581822488F4C2006A05AA /* Assets.xcassets */; };
		922581862488F4C2006A05AA /* LaunchScreen.storyboard in Resources */ = {isa = PBXBuildFile; fileRef = 922581842488F4C2006A05AA /* LaunchScreen.storyboard */; };
		922581912488F4C2006A05AA /* SwiftQuizTests.swift in Sources */ = {isa = PBXBuildFile; fileRef = 922581902488F4C2006A05AA /* SwiftQuizTests.swift */; };
		9225819C2488F4C2006A05AA /* SwiftQuizUITests.swift in Sources */ = {isa = PBXBuildFile; fileRef = 9225819B2488F4C2006A05AA /* SwiftQuizUITests.swift */; };
		922581AA2488F4F0006A05AA /* .gitignore in Resources */ = {isa = PBXBuildFile; fileRef = 922581A92488F4F0006A05AA /* .gitignore */; };
		924FFAA4248B9C720074ED50 /* Observable.swift in Sources */ = {isa = PBXBuildFile; fileRef = 924FFAA3248B9C720074ED50 /* Observable.swift */; };
		924FFAA6248B9CCA0074ED50 /* ObservableOptions.swift in Sources */ = {isa = PBXBuildFile; fileRef = 924FFAA5248B9CCA0074ED50 /* ObservableOptions.swift */; };
		924FFAA8248BA7350074ED50 /* QuestionCaretaker.swift in Sources */ = {isa = PBXBuildFile; fileRef = 924FFAA7248BA7350074ED50 /* QuestionCaretaker.swift */; };
		924FFAAC248BB7AE0074ED50 /* AppendQuestionViewController.swift in Sources */ = {isa = PBXBuildFile; fileRef = 924FFAAB248BB7AE0074ED50 /* AppendQuestionViewController.swift */; };
		9259C129248ADB1A00AD5C9E /* QuestionManager.swift in Sources */ = {isa = PBXBuildFile; fileRef = 9259C128248ADB1A00AD5C9E /* QuestionManager.swift */; };
		9259C12B248ADB3500AD5C9E /* SerialQuestionManager.swift in Sources */ = {isa = PBXBuildFile; fileRef = 9259C12A248ADB3500AD5C9E /* SerialQuestionManager.swift */; };
		9259C12D248ADB5300AD5C9E /* RandomQuestionManager.swift in Sources */ = {isa = PBXBuildFile; fileRef = 9259C12C248ADB5300AD5C9E /* RandomQuestionManager.swift */; };
		9259C12F248AE60400AD5C9E /* SettingsViewController.swift in Sources */ = {isa = PBXBuildFile; fileRef = 9259C12E248AE60400AD5C9E /* SettingsViewController.swift */; };
		92BA5A4824893089004D2987 /* RecordsCaretaker.swift in Sources */ = {isa = PBXBuildFile; fileRef = 92BA5A4724893089004D2987 /* RecordsCaretaker.swift */; };
/* End PBXBuildFile section */

/* Begin PBXContainerItemProxy section */
		9225818D2488F4C2006A05AA /* PBXContainerItemProxy */ = {
			isa = PBXContainerItemProxy;
			containerPortal = 9225816E2488F4C1006A05AA /* Project object */;
			proxyType = 1;
			remoteGlobalIDString = 922581752488F4C1006A05AA;
			remoteInfo = SwiftQuiz;
		};
		922581982488F4C2006A05AA /* PBXContainerItemProxy */ = {
			isa = PBXContainerItemProxy;
			containerPortal = 9225816E2488F4C1006A05AA /* Project object */;
			proxyType = 1;
			remoteGlobalIDString = 922581752488F4C1006A05AA;
			remoteInfo = SwiftQuiz;
		};
/* End PBXContainerItemProxy section */

/* Begin PBXFileReference section */
		92092E962488F6D600815577 /* Game.swift */ = {isa = PBXFileReference; lastKnownFileType = sourcecode.swift; path = Game.swift; sourceTree = "<group>"; };
		92092E982488F73400815577 /* GameSession.swift */ = {isa = PBXFileReference; lastKnownFileType = sourcecode.swift; path = GameSession.swift; sourceTree = "<group>"; };
		92092E9A2488F7B400815577 /* Question.swift */ = {isa = PBXFileReference; lastKnownFileType = sourcecode.swift; path = Question.swift; sourceTree = "<group>"; };
		92092E9C2488F95500815577 /* MainMenuViewController.swift */ = {isa = PBXFileReference; lastKnownFileType = sourcecode.swift; path = MainMenuViewController.swift; sourceTree = "<group>"; };
		92092E9E2488F97400815577 /* GameViewController.swift */ = {isa = PBXFileReference; lastKnownFileType = sourcecode.swift; path = GameViewController.swift; sourceTree = "<group>"; };
		92092EA02488F98900815577 /* ResultsViewController.swift */ = {isa = PBXFileReference; lastKnownFileType = sourcecode.swift; path = ResultsViewController.swift; sourceTree = "<group>"; };
		92092EA22488FB4D00815577 /* QuestionPool.swift */ = {isa = PBXFileReference; lastKnownFileType = sourcecode.swift; path = QuestionPool.swift; sourceTree = "<group>"; };
		922581762488F4C1006A05AA /* SwiftQuiz.app */ = {isa = PBXFileReference; explicitFileType = wrapper.application; includeInIndex = 0; path = SwiftQuiz.app; sourceTree = BUILT_PRODUCTS_DIR; };
		922581792488F4C1006A05AA /* AppDelegate.swift */ = {isa = PBXFileReference; lastKnownFileType = sourcecode.swift; path = AppDelegate.swift; sourceTree = "<group>"; };
		9225817B2488F4C1006A05AA /* SceneDelegate.swift */ = {isa = PBXFileReference; lastKnownFileType = sourcecode.swift; path = SceneDelegate.swift; sourceTree = "<group>"; };
		9225817D2488F4C1006A05AA /* ViewController.swift */ = {isa = PBXFileReference; lastKnownFileType = sourcecode.swift; path = ViewController.swift; sourceTree = "<group>"; };
		922581802488F4C1006A05AA /* Base */ = {isa = PBXFileReference; lastKnownFileType = file.storyboard; name = Base; path = Base.lproj/Main.storyboard; sourceTree = "<group>"; };
		922581822488F4C2006A05AA /* Assets.xcassets */ = {isa = PBXFileReference; lastKnownFileType = folder.assetcatalog; path = Assets.xcassets; sourceTree = "<group>"; };
		922581852488F4C2006A05AA /* Base */ = {isa = PBXFileReference; lastKnownFileType = file.storyboard; name = Base; path = Base.lproj/LaunchScreen.storyboard; sourceTree = "<group>"; };
		922581872488F4C2006A05AA /* Info.plist */ = {isa = PBXFileReference; lastKnownFileType = text.plist.xml; path = Info.plist; sourceTree = "<group>"; };
		9225818C2488F4C2006A05AA /* SwiftQuizTests.xctest */ = {isa = PBXFileReference; explicitFileType = wrapper.cfbundle; includeInIndex = 0; path = SwiftQuizTests.xctest; sourceTree = BUILT_PRODUCTS_DIR; };
		922581902488F4C2006A05AA /* SwiftQuizTests.swift */ = {isa = PBXFileReference; lastKnownFileType = sourcecode.swift; path = SwiftQuizTests.swift; sourceTree = "<group>"; };
		922581922488F4C2006A05AA /* Info.plist */ = {isa = PBXFileReference; lastKnownFileType = text.plist.xml; path = Info.plist; sourceTree = "<group>"; };
		922581972488F4C2006A05AA /* SwiftQuizUITests.xctest */ = {isa = PBXFileReference; explicitFileType = wrapper.cfbundle; includeInIndex = 0; path = SwiftQuizUITests.xctest; sourceTree = BUILT_PRODUCTS_DIR; };
		9225819B2488F4C2006A05AA /* SwiftQuizUITests.swift */ = {isa = PBXFileReference; lastKnownFileType = sourcecode.swift; path = SwiftQuizUITests.swift; sourceTree = "<group>"; };
		9225819D2488F4C2006A05AA /* Info.plist */ = {isa = PBXFileReference; lastKnownFileType = text.plist.xml; path = Info.plist; sourceTree = "<group>"; };
		922581A92488F4F0006A05AA /* .gitignore */ = {isa = PBXFileReference; lastKnownFileType = text; path = .gitignore; sourceTree = "<group>"; };
		924FFAA3248B9C720074ED50 /* Observable.swift */ = {isa = PBXFileReference; lastKnownFileType = sourcecode.swift; path = Observable.swift; sourceTree = "<group>"; };
		924FFAA5248B9CCA0074ED50 /* ObservableOptions.swift */ = {isa = PBXFileReference; lastKnownFileType = sourcecode.swift; path = ObservableOptions.swift; sourceTree = "<group>"; };
		924FFAA7248BA7350074ED50 /* QuestionCaretaker.swift */ = {isa = PBXFileReference; lastKnownFileType = sourcecode.swift; path = QuestionCaretaker.swift; sourceTree = "<group>"; };
		924FFAAB248BB7AE0074ED50 /* AppendQuestionViewController.swift */ = {isa = PBXFileReference; lastKnownFileType = sourcecode.swift; path = AppendQuestionViewController.swift; sourceTree = "<group>"; };
		9259C128248ADB1A00AD5C9E /* QuestionManager.swift */ = {isa = PBXFileReference; lastKnownFileType = sourcecode.swift; path = QuestionManager.swift; sourceTree = "<group>"; };
		9259C12A248ADB3500AD5C9E /* SerialQuestionManager.swift */ = {isa = PBXFileReference; lastKnownFileType = sourcecode.swift; path = SerialQuestionManager.swift; sourceTree = "<group>"; };
		9259C12C248ADB5300AD5C9E /* RandomQuestionManager.swift */ = {isa = PBXFileReference; lastKnownFileType = sourcecode.swift; path = RandomQuestionManager.swift; sourceTree = "<group>"; };
		9259C12E248AE60400AD5C9E /* SettingsViewController.swift */ = {isa = PBXFileReference; lastKnownFileType = sourcecode.swift; path = SettingsViewController.swift; sourceTree = "<group>"; };
		92BA5A4724893089004D2987 /* RecordsCaretaker.swift */ = {isa = PBXFileReference; lastKnownFileType = sourcecode.swift; path = RecordsCaretaker.swift; sourceTree = "<group>"; };
/* End PBXFileReference section */

/* Begin PBXFrameworksBuildPhase section */
		922581732488F4C1006A05AA /* Frameworks */ = {
			isa = PBXFrameworksBuildPhase;
			buildActionMask = 2147483647;
			files = (
			);
			runOnlyForDeploymentPostprocessing = 0;
		};
		922581892488F4C2006A05AA /* Frameworks */ = {
			isa = PBXFrameworksBuildPhase;
			buildActionMask = 2147483647;
			files = (
			);
			runOnlyForDeploymentPostprocessing = 0;
		};
		922581942488F4C2006A05AA /* Frameworks */ = {
			isa = PBXFrameworksBuildPhase;
			buildActionMask = 2147483647;
			files = (
			);
			runOnlyForDeploymentPostprocessing = 0;
		};
/* End PBXFrameworksBuildPhase section */

/* Begin PBXGroup section */
		92092E952488F6BC00815577 /* Game */ = {
			isa = PBXGroup;
			children = (
				92092E962488F6D600815577 /* Game.swift */,
				92092E982488F73400815577 /* GameSession.swift */,
				92092E9A2488F7B400815577 /* Question.swift */,
				92092EA22488FB4D00815577 /* QuestionPool.swift */,
				92BA5A4724893089004D2987 /* RecordsCaretaker.swift */,
				9259C128248ADB1A00AD5C9E /* QuestionManager.swift */,
				9259C12A248ADB3500AD5C9E /* SerialQuestionManager.swift */,
				9259C12C248ADB5300AD5C9E /* RandomQuestionManager.swift */,
				924FFAA7248BA7350074ED50 /* QuestionCaretaker.swift */,
			);
			path = Game;
			sourceTree = "<group>";
		};
		9225816D2488F4C1006A05AA = {
			isa = PBXGroup;
			children = (
				922581A92488F4F0006A05AA /* .gitignore */,
				922581782488F4C1006A05AA /* SwiftQuiz */,
				9225818F2488F4C2006A05AA /* SwiftQuizTests */,
				9225819A2488F4C2006A05AA /* SwiftQuizUITests */,
				922581772488F4C1006A05AA /* Products */,
			);
			sourceTree = "<group>";
		};
		922581772488F4C1006A05AA /* Products */ = {
			isa = PBXGroup;
			children = (
				922581762488F4C1006A05AA /* SwiftQuiz.app */,
				9225818C2488F4C2006A05AA /* SwiftQuizTests.xctest */,
				922581972488F4C2006A05AA /* SwiftQuizUITests.xctest */,
			);
			name = Products;
			sourceTree = "<group>";
		};
		922581782488F4C1006A05AA /* SwiftQuiz */ = {
			isa = PBXGroup;
			children = (
				924FFAA2248B9C600074ED50 /* Observable */,
				92092E952488F6BC00815577 /* Game */,
				922581792488F4C1006A05AA /* AppDelegate.swift */,
				9225817B2488F4C1006A05AA /* SceneDelegate.swift */,
				9225817D2488F4C1006A05AA /* ViewController.swift */,
				9225817F2488F4C1006A05AA /* Main.storyboard */,
				922581822488F4C2006A05AA /* Assets.xcassets */,
				922581842488F4C2006A05AA /* LaunchScreen.storyboard */,
				922581872488F4C2006A05AA /* Info.plist */,
				92092E9C2488F95500815577 /* MainMenuViewController.swift */,
				92092E9E2488F97400815577 /* GameViewController.swift */,
				92092EA02488F98900815577 /* ResultsViewController.swift */,
				9259C12E248AE60400AD5C9E /* SettingsViewController.swift */,
				924FFAAB248BB7AE0074ED50 /* AppendQuestionViewController.swift */,
			);
			path = SwiftQuiz;
			sourceTree = "<group>";
		};
		9225818F2488F4C2006A05AA /* SwiftQuizTests */ = {
			isa = PBXGroup;
			children = (
				922581902488F4C2006A05AA /* SwiftQuizTests.swift */,
				922581922488F4C2006A05AA /* Info.plist */,
			);
			path = SwiftQuizTests;
			sourceTree = "<group>";
		};
		9225819A2488F4C2006A05AA /* SwiftQuizUITests */ = {
			isa = PBXGroup;
			children = (
				9225819B2488F4C2006A05AA /* SwiftQuizUITests.swift */,
				9225819D2488F4C2006A05AA /* Info.plist */,
			);
			path = SwiftQuizUITests;
			sourceTree = "<group>";
		};
		924FFAA2248B9C600074ED50 /* Observable */ = {
			isa = PBXGroup;
			children = (
				924FFAA3248B9C720074ED50 /* Observable.swift */,
				924FFAA5248B9CCA0074ED50 /* ObservableOptions.swift */,
			);
			path = Observable;
			sourceTree = "<group>";
		};
/* End PBXGroup section */

/* Begin PBXNativeTarget section */
		922581752488F4C1006A05AA /* SwiftQuiz */ = {
			isa = PBXNativeTarget;
			buildConfigurationList = 922581A02488F4C2006A05AA /* Build configuration list for PBXNativeTarget "SwiftQuiz" */;
			buildPhases = (
				922581722488F4C1006A05AA /* Sources */,
				922581732488F4C1006A05AA /* Frameworks */,
				922581742488F4C1006A05AA /* Resources */,
			);
			buildRules = (
			);
			dependencies = (
			);
			name = SwiftQuiz;
			productName = SwiftQuiz;
			productReference = 922581762488F4C1006A05AA /* SwiftQuiz.app */;
			productType = "com.apple.product-type.application";
		};
		9225818B2488F4C2006A05AA /* SwiftQuizTests */ = {
			isa = PBXNativeTarget;
			buildConfigurationList = 922581A32488F4C2006A05AA /* Build configuration list for PBXNativeTarget "SwiftQuizTests" */;
			buildPhases = (
				922581882488F4C2006A05AA /* Sources */,
				922581892488F4C2006A05AA /* Frameworks */,
				9225818A2488F4C2006A05AA /* Resources */,
			);
			buildRules = (
			);
			dependencies = (
				9225818E2488F4C2006A05AA /* PBXTargetDependency */,
			);
			name = SwiftQuizTests;
			productName = SwiftQuizTests;
			productReference = 9225818C2488F4C2006A05AA /* SwiftQuizTests.xctest */;
			productType = "com.apple.product-type.bundle.unit-test";
		};
		922581962488F4C2006A05AA /* SwiftQuizUITests */ = {
			isa = PBXNativeTarget;
			buildConfigurationList = 922581A62488F4C2006A05AA /* Build configuration list for PBXNativeTarget "SwiftQuizUITests" */;
			buildPhases = (
				922581932488F4C2006A05AA /* Sources */,
				922581942488F4C2006A05AA /* Frameworks */,
				922581952488F4C2006A05AA /* Resources */,
			);
			buildRules = (
			);
			dependencies = (
				922581992488F4C2006A05AA /* PBXTargetDependency */,
			);
			name = SwiftQuizUITests;
			productName = SwiftQuizUITests;
			productReference = 922581972488F4C2006A05AA /* SwiftQuizUITests.xctest */;
			productType = "com.apple.product-type.bundle.ui-testing";
		};
/* End PBXNativeTarget section */

/* Begin PBXProject section */
		9225816E2488F4C1006A05AA /* Project object */ = {
			isa = PBXProject;
			attributes = {
				LastSwiftUpdateCheck = 1150;
				LastUpgradeCheck = 1150;
				ORGANIZATIONNAME = "Denis Vlaskin";
				TargetAttributes = {
					922581752488F4C1006A05AA = {
						CreatedOnToolsVersion = 11.5;
					};
					9225818B2488F4C2006A05AA = {
						CreatedOnToolsVersion = 11.5;
						TestTargetID = 922581752488F4C1006A05AA;
					};
					922581962488F4C2006A05AA = {
						CreatedOnToolsVersion = 11.5;
						TestTargetID = 922581752488F4C1006A05AA;
					};
				};
			};
			buildConfigurationList = 922581712488F4C1006A05AA /* Build configuration list for PBXProject "SwiftQuiz" */;
			compatibilityVersion = "Xcode 9.3";
			developmentRegion = en;
			hasScannedForEncodings = 0;
			knownRegions = (
				en,
				Base,
			);
			mainGroup = 9225816D2488F4C1006A05AA;
			productRefGroup = 922581772488F4C1006A05AA /* Products */;
			projectDirPath = "";
			projectRoot = "";
			targets = (
				922581752488F4C1006A05AA /* SwiftQuiz */,
				9225818B2488F4C2006A05AA /* SwiftQuizTests */,
				922581962488F4C2006A05AA /* SwiftQuizUITests */,
			);
		};
/* End PBXProject section */

/* Begin PBXResourcesBuildPhase section */
		922581742488F4C1006A05AA /* Resources */ = {
			isa = PBXResourcesBuildPhase;
			buildActionMask = 2147483647;
			files = (
				922581AA2488F4F0006A05AA /* .gitignore in Resources */,
				922581862488F4C2006A05AA /* LaunchScreen.storyboard in Resources */,
				922581832488F4C2006A05AA /* Assets.xcassets in Resources */,
				922581812488F4C1006A05AA /* Main.storyboard in Resources */,
			);
			runOnlyForDeploymentPostprocessing = 0;
		};
		9225818A2488F4C2006A05AA /* Resources */ = {
			isa = PBXResourcesBuildPhase;
			buildActionMask = 2147483647;
			files = (
			);
			runOnlyForDeploymentPostprocessing = 0;
		};
		922581952488F4C2006A05AA /* Resources */ = {
			isa = PBXResourcesBuildPhase;
			buildActionMask = 2147483647;
			files = (
			);
			runOnlyForDeploymentPostprocessing = 0;
		};
/* End PBXResourcesBuildPhase section */

/* Begin PBXSourcesBuildPhase section */
		922581722488F4C1006A05AA /* Sources */ = {
			isa = PBXSourcesBuildPhase;
			buildActionMask = 2147483647;
			files = (
				924FFAA4248B9C720074ED50 /* Observable.swift in Sources */,
				92092E992488F73400815577 /* GameSession.swift in Sources */,
				924FFAA8248BA7350074ED50 /* QuestionCaretaker.swift in Sources */,
				92092EA32488FB4D00815577 /* QuestionPool.swift in Sources */,
				9225817E2488F4C1006A05AA /* ViewController.swift in Sources */,
				9225817A2488F4C1006A05AA /* AppDelegate.swift in Sources */,
				9259C12B248ADB3500AD5C9E /* SerialQuestionManager.swift in Sources */,
				92092E9B2488F7B400815577 /* Question.swift in Sources */,
				92092E9F2488F97400815577 /* GameViewController.swift in Sources */,
				92092EA12488F98900815577 /* ResultsViewController.swift in Sources */,
				9259C12F248AE60400AD5C9E /* SettingsViewController.swift in Sources */,
				924FFAAC248BB7AE0074ED50 /* AppendQuestionViewController.swift in Sources */,
				9259C12D248ADB5300AD5C9E /* RandomQuestionManager.swift in Sources */,
				92092E9D2488F95500815577 /* MainMenuViewController.swift in Sources */,
				9225817C2488F4C1006A05AA /* SceneDelegate.swift in Sources */,
				92092E972488F6D600815577 /* Game.swift in Sources */,
				924FFAA6248B9CCA0074ED50 /* ObservableOptions.swift in Sources */,
				92BA5A4824893089004D2987 /* RecordsCaretaker.swift in Sources */,
				9259C129248ADB1A00AD5C9E /* QuestionManager.swift in Sources */,
			);
			runOnlyForDeploymentPostprocessing = 0;
		};
		922581882488F4C2006A05AA /* Sources */ = {
			isa = PBXSourcesBuildPhase;
			buildActionMask = 2147483647;
			files = (
				922581912488F4C2006A05AA /* SwiftQuizTests.swift in Sources */,
			);
			runOnlyForDeploymentPostprocessing = 0;
		};
		922581932488F4C2006A05AA /* Sources */ = {
			isa = PBXSourcesBuildPhase;
			buildActionMask = 2147483647;
			files = (
				9225819C2488F4C2006A05AA /* SwiftQuizUITests.swift in Sources */,
			);
			runOnlyForDeploymentPostprocessing = 0;
		};
/* End PBXSourcesBuildPhase section */

/* Begin PBXTargetDependency section */
		9225818E2488F4C2006A05AA /* PBXTargetDependency */ = {
			isa = PBXTargetDependency;
			target = 922581752488F4C1006A05AA /* SwiftQuiz */;
			targetProxy = 9225818D2488F4C2006A05AA /* PBXContainerItemProxy */;
		};
		922581992488F4C2006A05AA /* PBXTargetDependency */ = {
			isa = PBXTargetDependency;
			target = 922581752488F4C1006A05AA /* SwiftQuiz */;
			targetProxy = 922581982488F4C2006A05AA /* PBXContainerItemProxy */;
		};
/* End PBXTargetDependency section */

/* Begin PBXVariantGroup section */
		9225817F2488F4C1006A05AA /* Main.storyboard */ = {
			isa = PBXVariantGroup;
			children = (
				922581802488F4C1006A05AA /* Base */,
			);
			name = Main.storyboard;
			sourceTree = "<group>";
		};
		922581842488F4C2006A05AA /* LaunchScreen.storyboard */ = {
			isa = PBXVariantGroup;
			children = (
				922581852488F4C2006A05AA /* Base */,
			);
			name = LaunchScreen.storyboard;
			sourceTree = "<group>";
		};
/* End PBXVariantGroup section */

/* Begin XCBuildConfiguration section */
		9225819E2488F4C2006A05AA /* Debug */ = {
			isa = XCBuildConfiguration;
			buildSettings = {
				ALWAYS_SEARCH_USER_PATHS = NO;
				CLANG_ANALYZER_NONNULL = YES;
				CLANG_ANALYZER_NUMBER_OBJECT_CONVERSION = YES_AGGRESSIVE;
				CLANG_CXX_LANGUAGE_STANDARD = "gnu++14";
				CLANG_CXX_LIBRARY = "libc++";
				CLANG_ENABLE_MODULES = YES;
				CLANG_ENABLE_OBJC_ARC = YES;
				CLANG_ENABLE_OBJC_WEAK = YES;
				CLANG_WARN_BLOCK_CAPTURE_AUTORELEASING = YES;
				CLANG_WARN_BOOL_CONVERSION = YES;
				CLANG_WARN_COMMA = YES;
				CLANG_WARN_CONSTANT_CONVERSION = YES;
				CLANG_WARN_DEPRECATED_OBJC_IMPLEMENTATIONS = YES;
				CLANG_WARN_DIRECT_OBJC_ISA_USAGE = YES_ERROR;
				CLANG_WARN_DOCUMENTATION_COMMENTS = YES;
				CLANG_WARN_EMPTY_BODY = YES;
				CLANG_WARN_ENUM_CONVERSION = YES;
				CLANG_WARN_INFINITE_RECURSION = YES;
				CLANG_WARN_INT_CONVERSION = YES;
				CLANG_WARN_NON_LITERAL_NULL_CONVERSION = YES;
				CLANG_WARN_OBJC_IMPLICIT_RETAIN_SELF = YES;
				CLANG_WARN_OBJC_LITERAL_CONVERSION = YES;
				CLANG_WARN_OBJC_ROOT_CLASS = YES_ERROR;
				CLANG_WARN_RANGE_LOOP_ANALYSIS = YES;
				CLANG_WARN_STRICT_PROTOTYPES = YES;
				CLANG_WARN_SUSPICIOUS_MOVE = YES;
				CLANG_WARN_UNGUARDED_AVAILABILITY = YES_AGGRESSIVE;
				CLANG_WARN_UNREACHABLE_CODE = YES;
				CLANG_WARN__DUPLICATE_METHOD_MATCH = YES;
				COPY_PHASE_STRIP = NO;
				DEBUG_INFORMATION_FORMAT = dwarf;
				ENABLE_STRICT_OBJC_MSGSEND = YES;
				ENABLE_TESTABILITY = YES;
				GCC_C_LANGUAGE_STANDARD = gnu11;
				GCC_DYNAMIC_NO_PIC = NO;
				GCC_NO_COMMON_BLOCKS = YES;
				GCC_OPTIMIZATION_LEVEL = 0;
				GCC_PREPROCESSOR_DEFINITIONS = (
					"DEBUG=1",
					"$(inherited)",
				);
				GCC_WARN_64_TO_32_BIT_CONVERSION = YES;
				GCC_WARN_ABOUT_RETURN_TYPE = YES_ERROR;
				GCC_WARN_UNDECLARED_SELECTOR = YES;
				GCC_WARN_UNINITIALIZED_AUTOS = YES_AGGRESSIVE;
				GCC_WARN_UNUSED_FUNCTION = YES;
				GCC_WARN_UNUSED_VARIABLE = YES;
				IPHONEOS_DEPLOYMENT_TARGET = 13.5;
				MTL_ENABLE_DEBUG_INFO = INCLUDE_SOURCE;
				MTL_FAST_MATH = YES;
				ONLY_ACTIVE_ARCH = YES;
				SDKROOT = iphoneos;
				SWIFT_ACTIVE_COMPILATION_CONDITIONS = DEBUG;
				SWIFT_OPTIMIZATION_LEVEL = "-Onone";
			};
			name = Debug;
		};
		9225819F2488F4C2006A05AA /* Release */ = {
			isa = XCBuildConfiguration;
			buildSettings = {
				ALWAYS_SEARCH_USER_PATHS = NO;
				CLANG_ANALYZER_NONNULL = YES;
				CLANG_ANALYZER_NUMBER_OBJECT_CONVERSION = YES_AGGRESSIVE;
				CLANG_CXX_LANGUAGE_STANDARD = "gnu++14";
				CLANG_CXX_LIBRARY = "libc++";
				CLANG_ENABLE_MODULES = YES;
				CLANG_ENABLE_OBJC_ARC = YES;
				CLANG_ENABLE_OBJC_WEAK = YES;
				CLANG_WARN_BLOCK_CAPTURE_AUTORELEASING = YES;
				CLANG_WARN_BOOL_CONVERSION = YES;
				CLANG_WARN_COMMA = YES;
				CLANG_WARN_CONSTANT_CONVERSION = YES;
				CLANG_WARN_DEPRECATED_OBJC_IMPLEMENTATIONS = YES;
				CLANG_WARN_DIRECT_OBJC_ISA_USAGE = YES_ERROR;
				CLANG_WARN_DOCUMENTATION_COMMENTS = YES;
				CLANG_WARN_EMPTY_BODY = YES;
				CLANG_WARN_ENUM_CONVERSION = YES;
				CLANG_WARN_INFINITE_RECURSION = YES;
				CLANG_WARN_INT_CONVERSION = YES;
				CLANG_WARN_NON_LITERAL_NULL_CONVERSION = YES;
				CLANG_WARN_OBJC_IMPLICIT_RETAIN_SELF = YES;
				CLANG_WARN_OBJC_LITERAL_CONVERSION = YES;
				CLANG_WARN_OBJC_ROOT_CLASS = YES_ERROR;
				CLANG_WARN_RANGE_LOOP_ANALYSIS = YES;
				CLANG_WARN_STRICT_PROTOTYPES = YES;
				CLANG_WARN_SUSPICIOUS_MOVE = YES;
				CLANG_WARN_UNGUARDED_AVAILABILITY = YES_AGGRESSIVE;
				CLANG_WARN_UNREACHABLE_CODE = YES;
				CLANG_WARN__DUPLICATE_METHOD_MATCH = YES;
				COPY_PHASE_STRIP = NO;
				DEBUG_INFORMATION_FORMAT = "dwarf-with-dsym";
				ENABLE_NS_ASSERTIONS = NO;
				ENABLE_STRICT_OBJC_MSGSEND = YES;
				GCC_C_LANGUAGE_STANDARD = gnu11;
				GCC_NO_COMMON_BLOCKS = YES;
				GCC_WARN_64_TO_32_BIT_CONVERSION = YES;
				GCC_WARN_ABOUT_RETURN_TYPE = YES_ERROR;
				GCC_WARN_UNDECLARED_SELECTOR = YES;
				GCC_WARN_UNINITIALIZED_AUTOS = YES_AGGRESSIVE;
				GCC_WARN_UNUSED_FUNCTION = YES;
				GCC_WARN_UNUSED_VARIABLE = YES;
				IPHONEOS_DEPLOYMENT_TARGET = 13.5;
				MTL_ENABLE_DEBUG_INFO = NO;
				MTL_FAST_MATH = YES;
				SDKROOT = iphoneos;
				SWIFT_COMPILATION_MODE = wholemodule;
				SWIFT_OPTIMIZATION_LEVEL = "-O";
				VALIDATE_PRODUCT = YES;
			};
			name = Release;
		};
		922581A12488F4C2006A05AA /* Debug */ = {
			isa = XCBuildConfiguration;
			buildSettings = {
				ASSETCATALOG_COMPILER_APPICON_NAME = AppIcon;
				CODE_SIGN_STYLE = Automatic;
				INFOPLIST_FILE = SwiftQuiz/Info.plist;
				LD_RUNPATH_SEARCH_PATHS = (
					"$(inherited)",
					"@executable_path/Frameworks",
				);
				PRODUCT_BUNDLE_IDENTIFIER = ru.melandra.swiftquiz.SwiftQuiz;
				PRODUCT_NAME = "$(TARGET_NAME)";
				SWIFT_VERSION = 5.0;
				TARGETED_DEVICE_FAMILY = "1,2";
			};
			name = Debug;
		};
		922581A22488F4C2006A05AA /* Release */ = {
			isa = XCBuildConfiguration;
			buildSettings = {
				ASSETCATALOG_COMPILER_APPICON_NAME = AppIcon;
				CODE_SIGN_STYLE = Automatic;
				INFOPLIST_FILE = SwiftQuiz/Info.plist;
				LD_RUNPATH_SEARCH_PATHS = (
					"$(inherited)",
					"@executable_path/Frameworks",
				);
				PRODUCT_BUNDLE_IDENTIFIER = ru.melandra.swiftquiz.SwiftQuiz;
				PRODUCT_NAME = "$(TARGET_NAME)";
				SWIFT_VERSION = 5.0;
				TARGETED_DEVICE_FAMILY = "1,2";
			};
			name = Release;
		};
		922581A42488F4C2006A05AA /* Debug */ = {
			isa = XCBuildConfiguration;
			buildSettings = {
				ALWAYS_EMBED_SWIFT_STANDARD_LIBRARIES = YES;
				BUNDLE_LOADER = "$(TEST_HOST)";
				CODE_SIGN_STYLE = Automatic;
				INFOPLIST_FILE = SwiftQuizTests/Info.plist;
				IPHONEOS_DEPLOYMENT_TARGET = 13.5;
				LD_RUNPATH_SEARCH_PATHS = (
					"$(inherited)",
					"@executable_path/Frameworks",
					"@loader_path/Frameworks",
				);
				PRODUCT_BUNDLE_IDENTIFIER = ru.melandra.swiftquiz.SwiftQuizTests;
				PRODUCT_NAME = "$(TARGET_NAME)";
				SWIFT_VERSION = 5.0;
				TARGETED_DEVICE_FAMILY = "1,2";
				TEST_HOST = "$(BUILT_PRODUCTS_DIR)/SwiftQuiz.app/SwiftQuiz";
			};
			name = Debug;
		};
		922581A52488F4C2006A05AA /* Release */ = {
			isa = XCBuildConfiguration;
			buildSettings = {
				ALWAYS_EMBED_SWIFT_STANDARD_LIBRARIES = YES;
				BUNDLE_LOADER = "$(TEST_HOST)";
				CODE_SIGN_STYLE = Automatic;
				INFOPLIST_FILE = SwiftQuizTests/Info.plist;
				IPHONEOS_DEPLOYMENT_TARGET = 13.5;
				LD_RUNPATH_SEARCH_PATHS = (
					"$(inherited)",
					"@executable_path/Frameworks",
					"@loader_path/Frameworks",
				);
				PRODUCT_BUNDLE_IDENTIFIER = ru.melandra.swiftquiz.SwiftQuizTests;
				PRODUCT_NAME = "$(TARGET_NAME)";
				SWIFT_VERSION = 5.0;
				TARGETED_DEVICE_FAMILY = "1,2";
				TEST_HOST = "$(BUILT_PRODUCTS_DIR)/SwiftQuiz.app/SwiftQuiz";
			};
			name = Release;
		};
		922581A72488F4C2006A05AA /* Debug */ = {
			isa = XCBuildConfiguration;
			buildSettings = {
				ALWAYS_EMBED_SWIFT_STANDARD_LIBRARIES = YES;
				CODE_SIGN_STYLE = Automatic;
				INFOPLIST_FILE = SwiftQuizUITests/Info.plist;
				LD_RUNPATH_SEARCH_PATHS = (
					"$(inherited)",
					"@executable_path/Frameworks",
					"@loader_path/Frameworks",
				);
				PRODUCT_BUNDLE_IDENTIFIER = ru.melandra.swiftquiz.SwiftQuizUITests;
				PRODUCT_NAME = "$(TARGET_NAME)";
				SWIFT_VERSION = 5.0;
				TARGETED_DEVICE_FAMILY = "1,2";
				TEST_TARGET_NAME = SwiftQuiz;
			};
			name = Debug;
		};
		922581A82488F4C2006A05AA /* Release */ = {
			isa = XCBuildConfiguration;
			buildSettings = {
				ALWAYS_EMBED_SWIFT_STANDARD_LIBRARIES = YES;
				CODE_SIGN_STYLE = Automatic;
				INFOPLIST_FILE = SwiftQuizUITests/Info.plist;
				LD_RUNPATH_SEARCH_PATHS = (
					"$(inherited)",
					"@executable_path/Frameworks",
					"@loader_path/Frameworks",
				);
				PRODUCT_BUNDLE_IDENTIFIER = ru.melandra.swiftquiz.SwiftQuizUITests;
				PRODUCT_NAME = "$(TARGET_NAME)";
				SWIFT_VERSION = 5.0;
				TARGETED_DEVICE_FAMILY = "1,2";
				TEST_TARGET_NAME = SwiftQuiz;
			};
			name = Release;
		};
/* End XCBuildConfiguration section */

/* Begin XCConfigurationList section */
		922581712488F4C1006A05AA /* Build configuration list for PBXProject "SwiftQuiz" */ = {
			isa = XCConfigurationList;
			buildConfigurations = (
				9225819E2488F4C2006A05AA /* Debug */,
				9225819F2488F4C2006A05AA /* Release */,
			);
			defaultConfigurationIsVisible = 0;
			defaultConfigurationName = Release;
		};
		922581A02488F4C2006A05AA /* Build configuration list for PBXNativeTarget "SwiftQuiz" */ = {
			isa = XCConfigurationList;
			buildConfigurations = (
				922581A12488F4C2006A05AA /* Debug */,
				922581A22488F4C2006A05AA /* Release */,
			);
			defaultConfigurationIsVisible = 0;
			defaultConfigurationName = Release;
		};
		922581A32488F4C2006A05AA /* Build configuration list for PBXNativeTarget "SwiftQuizTests" */ = {
			isa = XCConfigurationList;
			buildConfigurations = (
				922581A42488F4C2006A05AA /* Debug */,
				922581A52488F4C2006A05AA /* Release */,
			);
			defaultConfigurationIsVisible = 0;
			defaultConfigurationName = Release;
		};
		922581A62488F4C2006A05AA /* Build configuration list for PBXNativeTarget "SwiftQuizUITests" */ = {
			isa = XCConfigurationList;
			buildConfigurations = (
				922581A72488F4C2006A05AA /* Debug */,
				922581A82488F4C2006A05AA /* Release */,
			);
			defaultConfigurationIsVisible = 0;
			defaultConfigurationName = Release;
		};
/* End XCConfigurationList section */
	};
	rootObject = 9225816E2488F4C1006A05AA /* Project object */;
}
